# This file was autogenerated by Stack.
# You should not edit this file by hand.
# For more information, please see the documentation at:
#   https://docs.haskellstack.org/en/stable/lock_files

packages:
- completed:
    hackage: hspec-2.11.9@sha256:6e7fb7a40404f11b028f1b19f07779887b2c8af04cbae7eaea73e83c440954c7,1763
    pantry-tree:
      sha256: 011f3767b57b7ecc9b34c390a6a0f9951bb0e503401365cf99ab79316ab2a898
      size: 584
  original:
    hackage: hspec-2.11.9@sha256:6e7fb7a40404f11b028f1b19f07779887b2c8af04cbae7eaea73e83c440954c7,1763
- completed:
    hackage: QuickCheck-2.15.0.1@sha256:ff732606dd8b3f76e3cb87a26516583d183729bf540085228c82adf037aca8bf,8751
    pantry-tree:
      sha256: f05339cb3b9a929fcd533ce101cbf55884301e8bb446d9d528bd5794db22f936
      size: 2437
  original:
    hackage: QuickCheck-2.15.0.1@sha256:ff732606dd8b3f76e3cb87a26516583d183729bf540085228c82adf037aca8bf,8751
- completed:
    hackage: hspec-core-2.11.9@sha256:a38fdefae046551335b56300e19b1ab2f902aa6401d1eb374e5ea81df85f6997,6826
    pantry-tree:
      sha256: 6ed4738349e4f030337bb0d1ee21e7191f47cbbe034395259ba9c39f49e14b25
      size: 6233
  original:
    hackage: hspec-core-2.11.9@sha256:a38fdefae046551335b56300e19b1ab2f902aa6401d1eb374e5ea81df85f6997,6826
- completed:
    hackage: hspec-discover-2.11.9@sha256:74c689bf33d7373bac5d4ffe273fe0b034d277c30aa2a23d3790d5b365dbdf1c,2169
    pantry-tree:
      sha256: 9ab82dd8116be450aa1c6aedce68e6d4ce3993e59fae31021d9903f6233950db
      size: 829
  original:
    hackage: hspec-discover-2.11.9@sha256:74c689bf33d7373bac5d4ffe273fe0b034d277c30aa2a23d3790d5b365dbdf1c,2169
- completed:
    hackage: hspec-expectations-0.8.4@sha256:4237f094a7931202ff57ac6475542b0b314b50a7024550e2b6eb87cfb0d4ff93,1702
    pantry-tree:
      sha256: 87681840d430b84686f83f1ab8b5873b09c349775698665233443914acf9ba2b
      size: 741
  original:
    hackage: hspec-expectations-0.8.4@sha256:4237f094a7931202ff57ac6475542b0b314b50a7024550e2b6eb87cfb0d4ff93,1702
- completed:
    hackage: HUnit-1.6.2.0@sha256:1a79174e8af616117ad39464cac9de205ca923da6582825e97c10786fda933a4,1588
    pantry-tree:
      sha256: 4f20a5a33866171260d0ee1e256c27f53cc84d37a68d498c3e12347f4e3d05b4
      size: 878
  original:
    hackage: HUnit-1.6.2.0@sha256:1a79174e8af616117ad39464cac9de205ca923da6582825e97c10786fda933a4,1588
- completed:
    hackage: ansi-terminal-1.1.1@sha256:5b3e9228323416a1962d5948b18f9eff8569ad94a368e15f0e6104128783f572,2894
    pantry-tree:
      sha256: 44c1d57218bf034fb05dd4474c3f5bb0e54f4e1c47e3aa841eecc9dc58a865fb
      size: 1184
  original:
    hackage: ansi-terminal-1.1.1@sha256:5b3e9228323416a1962d5948b18f9eff8569ad94a368e15f0e6104128783f572,2894
- completed:
    hackage: call-stack-0.4.0@sha256:ac44d2c00931dc20b01750da8c92ec443eb63a7231e8550188cb2ac2385f7feb,1200
    pantry-tree:
      sha256: 04134fa69cdd824b4e4bb7f77e7173e0705f27deabdbbf99549c549400191e1e
      size: 501
  original:
    hackage: call-stack-0.4.0@sha256:ac44d2c00931dc20b01750da8c92ec443eb63a7231e8550188cb2ac2385f7feb,1200
- completed:
    hackage: haskell-lexer-1.1.1@sha256:4ce310678b7e56b51acb558c0233d2f71a3f3553f8a88e9b48c0bc68301f799b,1296
    pantry-tree:
      sha256: 3aee632065f6299466efeb01bf2622b75617a2c55872f8da5a7bc0aff1fc8b88
      size: 588
  original:
    hackage: haskell-lexer-1.1.1@sha256:4ce310678b7e56b51acb558c0233d2f71a3f3553f8a88e9b48c0bc68301f799b,1296
- completed:
    hackage: quickcheck-io-0.2.0@sha256:7bf0b68fb90873825eb2e5e958c1b76126dcf984debb998e81673e6d837e0b2d,1133
    pantry-tree:
      sha256: afaa27fbf8b35aa7ce174abd9c59a84a12fd7f3d08300c3280b22c1d204f11ca
      size: 223
  original:
    hackage: quickcheck-io-0.2.0@sha256:7bf0b68fb90873825eb2e5e958c1b76126dcf984debb998e81673e6d837e0b2d,1133
- completed:
    hackage: random-1.2.1.2@sha256:32397de181e20ccaacf806ec70de9308cf044f089a2be37c936f3f8967bde867,6460
    pantry-tree:
      sha256: cd0fe2b39e4d4efad4d78f69c28b7fd49ffe2879923b3a9272352edc43a956e6
      size: 1528
  original:
    hackage: random-1.2.1.2@sha256:32397de181e20ccaacf806ec70de9308cf044f089a2be37c936f3f8967bde867,6460
- completed:
    hackage: splitmix-0.1.0.5@sha256:caa9b4a92abf1496c7f6a3c0f4e357426a54880077cb9f04e260a8bfa034b77b,6596
    pantry-tree:
      sha256: 6eb34b55fb0eb1c41fe539fb8ece181e31e82f4c89abf2b1aaf46df4b274797d
      size: 1519
  original:
    hackage: splitmix-0.1.0.5@sha256:caa9b4a92abf1496c7f6a3c0f4e357426a54880077cb9f04e260a8bfa034b77b,6596
- completed:
    hackage: tf-random-0.5@sha256:14012837d0f0e18fdbbe3d56e67da8622ee5e20b180abce952dd50bd9f36b326,3983
    pantry-tree:
      sha256: d6483580cfea846cbf23ff1d7a67849546d5096425b6d61318a34554043b4ffb
      size: 941
  original:
    hackage: tf-random-0.5@sha256:14012837d0f0e18fdbbe3d56e67da8622ee5e20b180abce952dd50bd9f36b326,3983
- completed:
    hackage: ansi-terminal-types-1.1@sha256:135f6a381afa19d53d0a3fe40b6dd47e6666c538b09e4300fbb1438759df3248,1462
    pantry-tree:
      sha256: a0a28ef7a7d3a8e69c6bd45c7e6dddf24c17477714fc4135de3138a36e98b16a
      size: 291
  original:
    hackage: ansi-terminal-types-1.1@sha256:135f6a381afa19d53d0a3fe40b6dd47e6666c538b09e4300fbb1438759df3248,1462
- completed:
    hackage: colour-2.3.6@sha256:ebdcbf15023958838a527e381ab3c3b1e99ed12d1b25efeb7feaa4ad8c37664a,2378
    pantry-tree:
      sha256: 03f8e22f364deb86098dbfbe0bf83c896437b2355f139abdac0402658fb6ac7e
      size: 1183
  original:
    hackage: colour-2.3.6@sha256:ebdcbf15023958838a527e381ab3c3b1e99ed12d1b25efeb7feaa4ad8c37664a,2378
- completed:
    hackage: primitive-0.9.0.0@sha256:2e08c5409e3559c7f1669ef50e9a0d9a397e68ecf51110d5e2cedf05cdd7d93c,3171
    pantry-tree:
      sha256: a862f3979a8ed2ae047287de3c7376f749ee97d5a27c9c55a4c6d94ffb7d1601
      size: 1793
  original:
    hackage: primitive-0.9.0.0@sha256:2e08c5409e3559c7f1669ef50e9a0d9a397e68ecf51110d5e2cedf05cdd7d93c,3171
snapshots: []
